// !$*UTF8*$!
{
	archiveVersion = 1;
	classes = {
	};
	objectVersion = 50;
	objects = {

/* Begin PBXBuildFile section */
		52A691F923622F44007DEF8C /* AppDelegate.swift in Sources */ = {isa = PBXBuildFile; fileRef = 52A691F823622F44007DEF8C /* AppDelegate.swift */; };
		52A691FB23622F45007DEF8C /* SceneDelegate.swift in Sources */ = {isa = PBXBuildFile; fileRef = 52A691FA23622F45007DEF8C /* SceneDelegate.swift */; };
		52A691FE23622F45007DEF8C /* SmartHomeSetting.xcdatamodeld in Sources */ = {isa = PBXBuildFile; fileRef = 52A691FC23622F45007DEF8C /* SmartHomeSetting.xcdatamodeld */; };
		52A6920023622F45007DEF8C /* SmartHomeSettings.swift in Sources */ = {isa = PBXBuildFile; fileRef = 52A691FF23622F45007DEF8C /* SmartHomeSettings.swift */; };
		52A6920223622F45007DEF8C /* Assets.xcassets in Resources */ = {isa = PBXBuildFile; fileRef = 52A6920123622F45007DEF8C /* Assets.xcassets */; };
		52A6920523622F45007DEF8C /* Preview Assets.xcassets in Resources */ = {isa = PBXBuildFile; fileRef = 52A6920423622F45007DEF8C /* Preview Assets.xcassets */; };
		52A6920823622F45007DEF8C /* LaunchScreen.storyboard in Resources */ = {isa = PBXBuildFile; fileRef = 52A6920623622F45007DEF8C /* LaunchScreen.storyboard */; };
		52A692112362CAA5007DEF8C /* SliderView.swift in Sources */ = {isa = PBXBuildFile; fileRef = 52A692102362CAA5007DEF8C /* SliderView.swift */; };
		52A69213236366FC007DEF8C /* PlaceView.swift in Sources */ = {isa = PBXBuildFile; fileRef = 52A69212236366FC007DEF8C /* PlaceView.swift */; };
		52A6921523639070007DEF8C /* GridView.swift in Sources */ = {isa = PBXBuildFile; fileRef = 52A6921423639070007DEF8C /* GridView.swift */; };
		52A6921A236391E1007DEF8C /* Border.swift in Sources */ = {isa = PBXBuildFile; fileRef = 52A69219236391E1007DEF8C /* Border.swift */; };
		52A6921D23644E41007DEF8C /* Place.swift in Sources */ = {isa = PBXBuildFile; fileRef = 52A6921C23644E41007DEF8C /* Place.swift */; };
		52A6921F2364A114007DEF8C /* NavIconStyle.swift in Sources */ = {isa = PBXBuildFile; fileRef = 52A6921E2364A114007DEF8C /* NavIconStyle.swift */; };
		52A6922E23697147007DEF8C /* PlacesListComponent.swift in Sources */ = {isa = PBXBuildFile; fileRef = 52A6922D23697147007DEF8C /* PlacesListComponent.swift */; };
		52A69232236B6EAC007DEF8C /* SliderComponentt.swift in Sources */ = {isa = PBXBuildFile; fileRef = 52A69231236B6EAC007DEF8C /* SliderComponentt.swift */; };
/* End PBXBuildFile section */

/* Begin PBXFileReference section */
		52A691F523622F44007DEF8C /* SmartHomeSetting.app */ = {isa = PBXFileReference; explicitFileType = wrapper.application; includeInIndex = 0; path = SmartHomeSetting.app; sourceTree = BUILT_PRODUCTS_DIR; };
		52A691F823622F44007DEF8C /* AppDelegate.swift */ = {isa = PBXFileReference; lastKnownFileType = sourcecode.swift; path = AppDelegate.swift; sourceTree = "<group>"; };
		52A691FA23622F45007DEF8C /* SceneDelegate.swift */ = {isa = PBXFileReference; lastKnownFileType = sourcecode.swift; path = SceneDelegate.swift; sourceTree = "<group>"; };
		52A691FD23622F45007DEF8C /* SmartHomeSetting.xcdatamodel */ = {isa = PBXFileReference; lastKnownFileType = wrapper.xcdatamodel; path = SmartHomeSetting.xcdatamodel; sourceTree = "<group>"; };
		52A691FF23622F45007DEF8C /* SmartHomeSettings.swift */ = {isa = PBXFileReference; lastKnownFileType = sourcecode.swift; path = SmartHomeSettings.swift; sourceTree = "<group>"; };
		52A6920123622F45007DEF8C /* Assets.xcassets */ = {isa = PBXFileReference; lastKnownFileType = folder.assetcatalog; path = Assets.xcassets; sourceTree = "<group>"; };
		52A6920423622F45007DEF8C /* Preview Assets.xcassets */ = {isa = PBXFileReference; lastKnownFileType = folder.assetcatalog; path = "Preview Assets.xcassets"; sourceTree = "<group>"; };
		52A6920723622F45007DEF8C /* Base */ = {isa = PBXFileReference; lastKnownFileType = file.storyboard; name = Base; path = Base.lproj/LaunchScreen.storyboard; sourceTree = "<group>"; };
		52A6920923622F45007DEF8C /* Info.plist */ = {isa = PBXFileReference; lastKnownFileType = text.plist.xml; path = Info.plist; sourceTree = "<group>"; };
		52A692102362CAA5007DEF8C /* SliderView.swift */ = {isa = PBXFileReference; lastKnownFileType = sourcecode.swift; path = SliderView.swift; sourceTree = "<group>"; };
		52A69212236366FC007DEF8C /* PlaceView.swift */ = {isa = PBXFileReference; lastKnownFileType = sourcecode.swift; path = PlaceView.swift; sourceTree = "<group>"; };
		52A6921423639070007DEF8C /* GridView.swift */ = {isa = PBXFileReference; lastKnownFileType = sourcecode.swift; path = GridView.swift; sourceTree = "<group>"; };
		52A69219236391E1007DEF8C /* Border.swift */ = {isa = PBXFileReference; lastKnownFileType = sourcecode.swift; path = Border.swift; sourceTree = "<group>"; };
		52A6921C23644E41007DEF8C /* Place.swift */ = {isa = PBXFileReference; lastKnownFileType = sourcecode.swift; path = Place.swift; sourceTree = "<group>"; };
		52A6921E2364A114007DEF8C /* NavIconStyle.swift */ = {isa = PBXFileReference; lastKnownFileType = sourcecode.swift; path = NavIconStyle.swift; sourceTree = "<group>"; };
		52A6922D23697147007DEF8C /* PlacesListComponent.swift */ = {isa = PBXFileReference; lastKnownFileType = sourcecode.swift; path = PlacesListComponent.swift; sourceTree = "<group>"; };
		52A69231236B6EAC007DEF8C /* SliderComponentt.swift */ = {isa = PBXFileReference; lastKnownFileType = sourcecode.swift; path = SliderComponentt.swift; sourceTree = "<group>"; };
/* End PBXFileReference section */

/* Begin PBXFrameworksBuildPhase section */
		52A691F223622F44007DEF8C /* Frameworks */ = {
			isa = PBXFrameworksBuildPhase;
			buildActionMask = 2147483647;
			files = (
			);
			runOnlyForDeploymentPostprocessing = 0;
		};
/* End PBXFrameworksBuildPhase section */

/* Begin PBXGroup section */
		52A691EC23622F44007DEF8C = {
			isa = PBXGroup;
			children = (
				52A691F723622F44007DEF8C /* SmartHomeSetting */,
				52A691F623622F44007DEF8C /* Products */,
				52A692252367695A007DEF8C /* Frameworks */,
			);
			sourceTree = "<group>";
		};
		52A691F623622F44007DEF8C /* Products */ = {
			isa = PBXGroup;
			children = (
				52A691F523622F44007DEF8C /* SmartHomeSetting.app */,
			);
			name = Products;
			sourceTree = "<group>";
		};
		52A691F723622F44007DEF8C /* SmartHomeSetting */ = {
			isa = PBXGroup;
			children = (
				52A6922C23697114007DEF8C /* Components */,
				52A6921B23644E24007DEF8C /* Models */,
				52A69218236391C0007DEF8C /* Modifiers */,
				52A6920F2362CA85007DEF8C /* Views */,
				52A691F823622F44007DEF8C /* AppDelegate.swift */,
				52A691FA23622F45007DEF8C /* SceneDelegate.swift */,
				52A691FF23622F45007DEF8C /* SmartHomeSettings.swift */,
				52A6920123622F45007DEF8C /* Assets.xcassets */,
				52A6920623622F45007DEF8C /* LaunchScreen.storyboard */,
				52A6920923622F45007DEF8C /* Info.plist */,
				52A691FC23622F45007DEF8C /* SmartHomeSetting.xcdatamodeld */,
				52A6920323622F45007DEF8C /* Preview Content */,
			);
			path = SmartHomeSetting;
			sourceTree = "<group>";
		};
		52A6920323622F45007DEF8C /* Preview Content */ = {
			isa = PBXGroup;
			children = (
				52A6920423622F45007DEF8C /* Preview Assets.xcassets */,
			);
			path = "Preview Content";
			sourceTree = "<group>";
		};
		52A6920F2362CA85007DEF8C /* Views */ = {
			isa = PBXGroup;
			children = (
				52A692102362CAA5007DEF8C /* SliderView.swift */,
				52A69212236366FC007DEF8C /* PlaceView.swift */,
				52A6921423639070007DEF8C /* GridView.swift */,
			);
			path = Views;
			sourceTree = "<group>";
		};
		52A69218236391C0007DEF8C /* Modifiers */ = {
			isa = PBXGroup;
			children = (
				52A69219236391E1007DEF8C /* Border.swift */,
				52A6921E2364A114007DEF8C /* NavIconStyle.swift */,
			);
			path = Modifiers;
			sourceTree = "<group>";
		};
		52A6921B23644E24007DEF8C /* Models */ = {
			isa = PBXGroup;
			children = (
				52A6921C23644E41007DEF8C /* Place.swift */,
			);
			path = Models;
			sourceTree = "<group>";
		};
		52A692252367695A007DEF8C /* Frameworks */ = {
			isa = PBXGroup;
			children = (
			);
			name = Frameworks;
			sourceTree = "<group>";
		};
		52A6922C23697114007DEF8C /* Components */ = {
			isa = PBXGroup;
			children = (
				52A6922D23697147007DEF8C /* PlacesListComponent.swift */,
				52A69231236B6EAC007DEF8C /* SliderComponentt.swift */,
			);
			path = Components;
			sourceTree = "<group>";
		};
/* End PBXGroup section */

/* Begin PBXNativeTarget section */
		52A691F423622F44007DEF8C /* SmartHomeSetting */ = {
			isa = PBXNativeTarget;
			buildConfigurationList = 52A6920C23622F45007DEF8C /* Build configuration list for PBXNativeTarget "SmartHomeSetting" */;
			buildPhases = (
				52A691F123622F44007DEF8C /* Sources */,
				52A691F223622F44007DEF8C /* Frameworks */,
				52A691F323622F44007DEF8C /* Resources */,
			);
			buildRules = (
			);
			dependencies = (
			);
			name = SmartHomeSetting;
			packageProductDependencies = (
			);
			productName = SmartHomeSetting;
			productReference = 52A691F523622F44007DEF8C /* SmartHomeSetting.app */;
			productType = "com.apple.product-type.application";
		};
/* End PBXNativeTarget section */

/* Begin PBXProject section */
		52A691ED23622F44007DEF8C /* Project object */ = {
			isa = PBXProject;
			attributes = {
				LastSwiftUpdateCheck = 1100;
				LastUpgradeCheck = 1100;
				ORGANIZATIONNAME = "John Kulimushi";
				TargetAttributes = {
					52A691F423622F44007DEF8C = {
						CreatedOnToolsVersion = 11.0;
					};
				};
			};
			buildConfigurationList = 52A691F023622F44007DEF8C /* Build configuration list for PBXProject "SmartHomeSetting" */;
			compatibilityVersion = "Xcode 9.3";
			developmentRegion = en;
			hasScannedForEncodings = 0;
			knownRegions = (
				en,
				Base,
			);
			mainGroup = 52A691EC23622F44007DEF8C;
			productRefGroup = 52A691F623622F44007DEF8C /* Products */;
			projectDirPath = "";
			projectRoot = "";
			targets = (
				52A691F423622F44007DEF8C /* SmartHomeSetting */,
			);
		};
/* End PBXProject section */

/* Begin PBXResourcesBuildPhase section */
		52A691F323622F44007DEF8C /* Resources */ = {
			isa = PBXResourcesBuildPhase;
			buildActionMask = 2147483647;
			files = (
				52A6920823622F45007DEF8C /* LaunchScreen.storyboard in Resources */,
				52A6920523622F45007DEF8C /* Preview Assets.xcassets in Resources */,
				52A6920223622F45007DEF8C /* Assets.xcassets in Resources */,
			);
			runOnlyForDeploymentPostprocessing = 0;
		};
/* End PBXResourcesBuildPhase section */

/* Begin PBXSourcesBuildPhase section */
		52A691F123622F44007DEF8C /* Sources */ = {
			isa = PBXSourcesBuildPhase;
			buildActionMask = 2147483647;
			files = (
				52A6922E23697147007DEF8C /* PlacesListComponent.swift in Sources */,
				52A69213236366FC007DEF8C /* PlaceView.swift in Sources */,
				52A691FE23622F45007DEF8C /* SmartHomeSetting.xcdatamodeld in Sources */,
				52A6921F2364A114007DEF8C /* NavIconStyle.swift in Sources */,
				52A691F923622F44007DEF8C /* AppDelegate.swift in Sources */,
				52A6921523639070007DEF8C /* GridView.swift in Sources */,
				52A6920023622F45007DEF8C /* SmartHomeSettings.swift in Sources */,
				52A6921A236391E1007DEF8C /* Border.swift in Sources */,
				52A6921D23644E41007DEF8C /* Place.swift in Sources */,
				52A69232236B6EAC007DEF8C /* SliderComponentt.swift in Sources */,
				52A691FB23622F45007DEF8C /* SceneDelegate.swift in Sources */,
				52A692112362CAA5007DEF8C /* SliderView.swift in Sources */,
			);
			runOnlyForDeploymentPostprocessing = 0;
		};
/* End PBXSourcesBuildPhase section */

/* Begin PBXVariantGroup section */
		52A6920623622F45007DEF8C /* LaunchScreen.storyboard */ = {
			isa = PBXVariantGroup;
			children = (
				52A6920723622F45007DEF8C /* Base */,
			);
			name = LaunchScreen.storyboard;
			sourceTree = "<group>";
		};
/* End PBXVariantGroup section */

/* Begin XCBuildConfiguration section */
		52A6920A23622F45007DEF8C /* Debug */ = {
			isa = XCBuildConfiguration;
			buildSettings = {
				ALWAYS_SEARCH_USER_PATHS = NO;
				CLANG_ANALYZER_NONNULL = YES;
				CLANG_ANALYZER_NUMBER_OBJECT_CONVERSION = YES_AGGRESSIVE;
				CLANG_CXX_LANGUAGE_STANDARD = "gnu++14";
				CLANG_CXX_LIBRARY = "libc++";
				CLANG_ENABLE_MODULES = YES;
				CLANG_ENABLE_OBJC_ARC = YES;
				CLANG_ENABLE_OBJC_WEAK = YES;
				CLANG_WARN_BLOCK_CAPTURE_AUTORELEASING = YES;
				CLANG_WARN_BOOL_CONVERSION = YES;
				CLANG_WARN_COMMA = YES;
				CLANG_WARN_CONSTANT_CONVERSION = YES;
				CLANG_WARN_DEPRECATED_OBJC_IMPLEMENTATIONS = YES;
				CLANG_WARN_DIRECT_OBJC_ISA_USAGE = YES_ERROR;
				CLANG_WARN_DOCUMENTATION_COMMENTS = YES;
				CLANG_WARN_EMPTY_BODY = YES;
				CLANG_WARN_ENUM_CONVERSION = YES;
				CLANG_WARN_INFINITE_RECURSION = YES;
				CLANG_WARN_INT_CONVERSION = YES;
				CLANG_WARN_NON_LITERAL_NULL_CONVERSION = YES;
				CLANG_WARN_OBJC_IMPLICIT_RETAIN_SELF = YES;
				CLANG_WARN_OBJC_LITERAL_CONVERSION = YES;
				CLANG_WARN_OBJC_ROOT_CLASS = YES_ERROR;
				CLANG_WARN_RANGE_LOOP_ANALYSIS = YES;
				CLANG_WARN_STRICT_PROTOTYPES = YES;
				CLANG_WARN_SUSPICIOUS_MOVE = YES;
				CLANG_WARN_UNGUARDED_AVAILABILITY = YES_AGGRESSIVE;
				CLANG_WARN_UNREACHABLE_CODE = YES;
				CLANG_WARN__DUPLICATE_METHOD_MATCH = YES;
				COPY_PHASE_STRIP = NO;
				DEBUG_INFORMATION_FORMAT = dwarf;
				ENABLE_STRICT_OBJC_MSGSEND = YES;
				ENABLE_TESTABILITY = YES;
				GCC_C_LANGUAGE_STANDARD = gnu11;
				GCC_DYNAMIC_NO_PIC = NO;
				GCC_NO_COMMON_BLOCKS = YES;
				GCC_OPTIMIZATION_LEVEL = 0;
				GCC_PREPROCESSOR_DEFINITIONS = (
					"DEBUG=1",
					"$(inherited)",
				);
				GCC_WARN_64_TO_32_BIT_CONVERSION = YES;
				GCC_WARN_ABOUT_RETURN_TYPE = YES_ERROR;
				GCC_WARN_UNDECLARED_SELECTOR = YES;
				GCC_WARN_UNINITIALIZED_AUTOS = YES_AGGRESSIVE;
				GCC_WARN_UNUSED_FUNCTION = YES;
				GCC_WARN_UNUSED_VARIABLE = YES;
				IPHONEOS_DEPLOYMENT_TARGET = 13.0;
				MTL_ENABLE_DEBUG_INFO = INCLUDE_SOURCE;
				MTL_FAST_MATH = YES;
				ONLY_ACTIVE_ARCH = YES;
				SDKROOT = iphoneos;
				SWIFT_ACTIVE_COMPILATION_CONDITIONS = DEBUG;
				SWIFT_OPTIMIZATION_LEVEL = "-Onone";
			};
			name = Debug;
		};
		52A6920B23622F45007DEF8C /* Release */ = {
			isa = XCBuildConfiguration;
			buildSettings = {
				ALWAYS_SEARCH_USER_PATHS = NO;
				CLANG_ANALYZER_NONNULL = YES;
				CLANG_ANALYZER_NUMBER_OBJECT_CONVERSION = YES_AGGRESSIVE;
				CLANG_CXX_LANGUAGE_STANDARD = "gnu++14";
				CLANG_CXX_LIBRARY = "libc++";
				CLANG_ENABLE_MODULES = YES;
				CLANG_ENABLE_OBJC_ARC = YES;
				CLANG_ENABLE_OBJC_WEAK = YES;
				CLANG_WARN_BLOCK_CAPTURE_AUTORELEASING = YES;
				CLANG_WARN_BOOL_CONVERSION = YES;
				CLANG_WARN_COMMA = YES;
				CLANG_WARN_CONSTANT_CONVERSION = YES;
				CLANG_WARN_DEPRECATED_OBJC_IMPLEMENTATIONS = YES;
				CLANG_WARN_DIRECT_OBJC_ISA_USAGE = YES_ERROR;
				CLANG_WARN_DOCUMENTATION_COMMENTS = YES;
				CLANG_WARN_EMPTY_BODY = YES;
				CLANG_WARN_ENUM_CONVERSION = YES;
				CLANG_WARN_INFINITE_RECURSION = YES;
				CLANG_WARN_INT_CONVERSION = YES;
				CLANG_WARN_NON_LITERAL_NULL_CONVERSION = YES;
				CLANG_WARN_OBJC_IMPLICIT_RETAIN_SELF = YES;
				CLANG_WARN_OBJC_LITERAL_CONVERSION = YES;
				CLANG_WARN_OBJC_ROOT_CLASS = YES_ERROR;
				CLANG_WARN_RANGE_LOOP_ANALYSIS = YES;
				CLANG_WARN_STRICT_PROTOTYPES = YES;
				CLANG_WARN_SUSPICIOUS_MOVE = YES;
				CLANG_WARN_UNGUARDED_AVAILABILITY = YES_AGGRESSIVE;
				CLANG_WARN_UNREACHABLE_CODE = YES;
				CLANG_WARN__DUPLICATE_METHOD_MATCH = YES;
				COPY_PHASE_STRIP = NO;
				DEBUG_INFORMATION_FORMAT = "dwarf-with-dsym";
				ENABLE_NS_ASSERTIONS = NO;
				ENABLE_STRICT_OBJC_MSGSEND = YES;
				GCC_C_LANGUAGE_STANDARD = gnu11;
				GCC_NO_COMMON_BLOCKS = YES;
				GCC_WARN_64_TO_32_BIT_CONVERSION = YES;
				GCC_WARN_ABOUT_RETURN_TYPE = YES_ERROR;
				GCC_WARN_UNDECLARED_SELECTOR = YES;
				GCC_WARN_UNINITIALIZED_AUTOS = YES_AGGRESSIVE;
				GCC_WARN_UNUSED_FUNCTION = YES;
				GCC_WARN_UNUSED_VARIABLE = YES;
				IPHONEOS_DEPLOYMENT_TARGET = 13.0;
				MTL_ENABLE_DEBUG_INFO = NO;
				MTL_FAST_MATH = YES;
				SDKROOT = iphoneos;
				SWIFT_COMPILATION_MODE = wholemodule;
				SWIFT_OPTIMIZATION_LEVEL = "-O";
				VALIDATE_PRODUCT = YES;
			};
			name = Release;
		};
		52A6920D23622F45007DEF8C /* Debug */ = {
			isa = XCBuildConfiguration;
			buildSettings = {
				ASSETCATALOG_COMPILER_APPICON_NAME = AppIcon;
				CODE_SIGN_STYLE = Automatic;
				DEVELOPMENT_ASSET_PATHS = "\"SmartHomeSetting/Preview Content\"";
				ENABLE_PREVIEWS = YES;
				INFOPLIST_FILE = SmartHomeSetting/Info.plist;
				LD_RUNPATH_SEARCH_PATHS = (
					"$(inherited)",
					"@executable_path/Frameworks",
				);
				PRODUCT_BUNDLE_IDENTIFIER = com.liquidcoder.SmartHomeSetting;
				PRODUCT_NAME = "$(TARGET_NAME)";
				SWIFT_VERSION = 5.0;
				TARGETED_DEVICE_FAMILY = "1,2";
			};
			name = Debug;
		};
		52A6920E23622F45007DEF8C /* Release */ = {
			isa = XCBuildConfiguration;
			buildSettings = {
				ASSETCATALOG_COMPILER_APPICON_NAME = AppIcon;
				CODE_SIGN_STYLE = Automatic;
				DEVELOPMENT_ASSET_PATHS = "\"SmartHomeSetting/Preview Content\"";
				ENABLE_PREVIEWS = YES;
				INFOPLIST_FILE = SmartHomeSetting/Info.plist;
				LD_RUNPATH_SEARCH_PATHS = (
					"$(inherited)",
					"@executable_path/Frameworks",
				);
				PRODUCT_BUNDLE_IDENTIFIER = com.liquidcoder.SmartHomeSetting;
				PRODUCT_NAME = "$(TARGET_NAME)";
				SWIFT_VERSION = 5.0;
				TARGETED_DEVICE_FAMILY = "1,2";
			};
			name = Release;
		};
/* End XCBuildConfiguration section */

/* Begin XCConfigurationList section */
		52A691F023622F44007DEF8C /* Build configuration list for PBXProject "SmartHomeSetting" */ = {
			isa = XCConfigurationList;
			buildConfigurations = (
				52A6920A23622F45007DEF8C /* Debug */,
				52A6920B23622F45007DEF8C /* Release */,
			);
			defaultConfigurationIsVisible = 0;
			defaultConfigurationName = Release;
		};
		52A6920C23622F45007DEF8C /* Build configuration list for PBXNativeTarget "SmartHomeSetting" */ = {
			isa = XCConfigurationList;
			buildConfigurations = (
				52A6920D23622F45007DEF8C /* Debug */,
				52A6920E23622F45007DEF8C /* Release */,
			);
			defaultConfigurationIsVisible = 0;
			defaultConfigurationName = Release;
		};
/* End XCConfigurationList section */

/* Begin XCVersionGroup section */
		52A691FC23622F45007DEF8C /* SmartHomeSetting.xcdatamodeld */ = {
			isa = XCVersionGroup;
			children = (
				52A691FD23622F45007DEF8C /* SmartHomeSetting.xcdatamodel */,
			);
			currentVersion = 52A691FD23622F45007DEF8C /* SmartHomeSetting.xcdatamodel */;
			path = SmartHomeSetting.xcdatamodeld;
			sourceTree = "<group>";
			versionGroupType = wrapper.xcdatamodel;
		};
/* End XCVersionGroup section */
	};
	rootObject = 52A691ED23622F44007DEF8C /* Project object */;
}
